
Microsoft Visual Studio Solution File, Format Version 12.00
# Visual Studio Version 18
VisualStudioVersion = 18.5.11709.299
MinimumVisualStudioVersion = 10.0.40219.1
Project("{FAE04EC0-301F-11D3-BF4B-00C04F79EFBC}") = "Shone.Drawing", "Src\Shone.Drawing.csproj", "{32714EA5-1E50-4BDD-9AF8-80E29FA7B4D4}"
EndProject
Project("{FAE04EC0-301F-11D3-BF4B-00C04F79EFBC}") = "Shone.Drawing.Tests", "Tests\Shone.Drawing.Tests.csproj", "{06DCC17A-AEEA-6873-5E50-4A5739490156}"
EndProject
Project("{FAE04EC0-301F-11D3-BF4B-00C04F79EFBC}") = "Shone.System.Drawing", "Src\Shone.System.Drawing.csproj", "{B4E40E9F-E817-ADD0-0FB6-BE09A473A945}"
EndProject
Global
	GlobalSection(SolutionConfigurationPlatforms) = preSolution
		Debug|Any CPU = Debug|Any CPU
		Release|Any CPU = Release|Any CPU
	EndGlobalSection
	GlobalSection(ProjectConfigurationPlatforms) = postSolution
		{32714EA5-1E50-4BDD-9AF8-80E29FA7B4D4}.Debug|Any CPU.ActiveCfg = Debug|Any CPU
		{32714EA5-1E50-4BDD-9AF8-80E29FA7B4D4}.Debug|Any CPU.Build.0 = Debug|Any CPU
		{32714EA5-1E50-4BDD-9AF8-80E29FA7B4D4}.Release|Any CPU.ActiveCfg = Release|Any CPU
		{32714EA5-1E50-4BDD-9AF8-80E29FA7B4D4}.Release|Any CPU.Build.0 = Release|Any CPU
		{06DCC17A-AEEA-6873-5E50-4A5739490156}.Debug|Any CPU.ActiveCfg = Debug|Any CPU
		{06DCC17A-AEEA-6873-5E50-4A5739490156}.Debug|Any CPU.Build.0 = Debug|Any CPU
		{06DCC17A-AEEA-6873-5E50-4A5739490156}.Release|Any CPU.ActiveCfg = Release|Any CPU
		{06DCC17A-AEEA-6873-5E50-4A5739490156}.Release|Any CPU.Build.0 = Release|Any CPU
		{B4E40E9F-E817-ADD0-0FB6-BE09A473A945}.Debug|Any CPU.ActiveCfg = Debug|Any CPU
		{B4E40E9F-E817-ADD0-0FB6-BE09A473A945}.Debug|Any CPU.Build.0 = Debug|Any CPU
		{B4E40E9F-E817-ADD0-0FB6-BE09A473A945}.Release|Any CPU.ActiveCfg = Release|Any CPU
		{B4E40E9F-E817-ADD0-0FB6-BE09A473A945}.Release|Any CPU.Build.0 = Release|Any CPU
	EndGlobalSection
	GlobalSection(SolutionProperties) = preSolution
		HideSolutionNode = FALSE
	EndGlobalSection
EndGlobal
